
Microsoft Visual Studio Solution File, Format Version 12.00
# Visual Studio Version 16
VisualStudioVersion = 16.0.30204.135
MinimumVisualStudioVersion = 10.0.40219.1
Project("{FAE04EC0-301F-11D3-BF4B-00C04F79EFBC}") = "Analyzer-Test", "Analyzer-Test\Analyzer-Test.csproj", "{EF65F740-7388-4981-802C-B815F67DC416}"
EndProject
Project("{C7167F0D-BC9F-4E6E-AFE1-012C56B48DB5}") = "Analyzers.Packaging", "Analyzers.Packaging\Analyzers.Packaging.wapproj", "{9FA1EC81-8952-41BF-A6C3-756552F22131}"
EndProject
Global
	GlobalSection(SolutionConfigurationPlatforms) = preSolution
		Debug|Any CPU = Debug|Any CPU
		Debug|ARM = Debug|ARM
		Debug|ARM64 = Debug|ARM64
		Debug|x64 = Debug|x64
		Debug|x86 = Debug|x86
		Release|Any CPU = Release|Any CPU
		Release|ARM = Release|ARM
		Release|ARM64 = Release|ARM64
		Release|x64 = Release|x64
		Release|x86 = Release|x86
	EndGlobalSection
	GlobalSection(ProjectConfigurationPlatforms) = postSolution
		{EF65F740-7388-4981-802C-B815F67DC416}.Debug|Any CPU.ActiveCfg = Debug|Any CPU
		{EF65F740-7388-4981-802C-B815F67DC416}.Debug|Any CPU.Build.0 = Debug|Any CPU
		{EF65F740-7388-4981-802C-B815F67DC416}.Debug|ARM.ActiveCfg = Debug|Any CPU
		{EF65F740-7388-4981-802C-B815F67DC416}.Debug|ARM.Build.0 = Debug|Any CPU
		{EF65F740-7388-4981-802C-B815F67DC416}.Debug|ARM64.ActiveCfg = Debug|Any CPU
		{EF65F740-7388-4981-802C-B815F67DC416}.Debug|ARM64.Build.0 = Debug|Any CPU
		{EF65F740-7388-4981-802C-B815F67DC416}.Debug|x64.ActiveCfg = Debug|x64
		{EF65F740-7388-4981-802C-B815F67DC416}.Debug|x64.Build.0 = Debug|x64
		{EF65F740-7388-4981-802C-B815F67DC416}.Debug|x86.ActiveCfg = Debug|x86
		{EF65F740-7388-4981-802C-B815F67DC416}.Debug|x86.Build.0 = Debug|x86
		{EF65F740-7388-4981-802C-B815F67DC416}.Release|Any CPU.ActiveCfg = Release|Any CPU
		{EF65F740-7388-4981-802C-B815F67DC416}.Release|Any CPU.Build.0 = Release|Any CPU
		{EF65F740-7388-4981-802C-B815F67DC416}.Release|ARM.ActiveCfg = Release|Any CPU
		{EF65F740-7388-4981-802C-B815F67DC416}.Release|ARM.Build.0 = Release|Any CPU
		{EF65F740-7388-4981-802C-B815F67DC416}.Release|ARM64.ActiveCfg = Release|Any CPU
		{EF65F740-7388-4981-802C-B815F67DC416}.Release|ARM64.Build.0 = Release|Any CPU
		{EF65F740-7388-4981-802C-B815F67DC416}.Release|x64.ActiveCfg = Release|x64
		{EF65F740-7388-4981-802C-B815F67DC416}.Release|x64.Build.0 = Release|x64
		{EF65F740-7388-4981-802C-B815F67DC416}.Release|x86.ActiveCfg = Release|x86
		{EF65F740-7388-4981-802C-B815F67DC416}.Release|x86.Build.0 = Release|x86
		{9FA1EC81-8952-41BF-A6C3-756552F22131}.Debug|Any CPU.ActiveCfg = Debug|Any CPU
		{9FA1EC81-8952-41BF-A6C3-756552F22131}.Debug|Any CPU.Build.0 = Debug|Any CPU
		{9FA1EC81-8952-41BF-A6C3-756552F22131}.Debug|Any CPU.Deploy.0 = Debug|Any CPU
		{9FA1EC81-8952-41BF-A6C3-756552F22131}.Debug|ARM.ActiveCfg = Debug|ARM
		{9FA1EC81-8952-41BF-A6C3-756552F22131}.Debug|ARM.Build.0 = Debug|ARM
		{9FA1EC81-8952-41BF-A6C3-756552F22131}.Debug|ARM.Deploy.0 = Debug|ARM
		{9FA1EC81-8952-41BF-A6C3-756552F22131}.Debug|ARM64.ActiveCfg = Debug|ARM64
		{9FA1EC81-8952-41BF-A6C3-756552F22131}.Debug|ARM64.Build.0 = Debug|ARM64
		{9FA1EC81-8952-41BF-A6C3-756552F22131}.Debug|ARM64.Deploy.0 = Debug|ARM64
		{9FA1EC81-8952-41BF-A6C3-756552F22131}.Debug|x64.ActiveCfg = Debug|x64
		{9FA1EC81-8952-41BF-A6C3-756552F22131}.Debug|x64.Build.0 = Debug|x64
		{9FA1EC81-8952-41BF-A6C3-756552F22131}.Debug|x64.Deploy.0 = Debug|x64
		{9FA1EC81-8952-41BF-A6C3-756552F22131}.Debug|x86.ActiveCfg = Debug|x86
		{9FA1EC81-8952-41BF-A6C3-756552F22131}.Debug|x86.Build.0 = Debug|x86
		{9FA1EC81-8952-41BF-A6C3-756552F22131}.Debug|x86.Deploy.0 = Debug|x86
		{9FA1EC81-8952-41BF-A6C3-756552F22131}.Release|Any CPU.ActiveCfg = Release|Any CPU
		{9FA1EC81-8952-41BF-A6C3-756552F22131}.Release|Any CPU.Build.0 = Release|Any CPU
		{9FA1EC81-8952-41BF-A6C3-756552F22131}.Release|Any CPU.Deploy.0 = Release|Any CPU
		{9FA1EC81-8952-41BF-A6C3-756552F22131}.Release|ARM.ActiveCfg = Release|ARM
		{9FA1EC81-8952-41BF-A6C3-756552F22131}.Release|ARM.Build.0 = Release|ARM
		{9FA1EC81-8952-41BF-A6C3-756552F22131}.Release|ARM.Deploy.0 = Release|ARM
		{9FA1EC81-8952-41BF-A6C3-756552F22131}.Release|ARM64.ActiveCfg = Release|ARM64
		{9FA1EC81-8952-41BF-A6C3-756552F22131}.Release|ARM64.Build.0 = Release|ARM64
		{9FA1EC81-8952-41BF-A6C3-756552F22131}.Release|ARM64.Deploy.0 = Release|ARM64
		{9FA1EC81-8952-41BF-A6C3-756552F22131}.Release|x64.ActiveCfg = Release|x64
		{9FA1EC81-8952-41BF-A6C3-756552F22131}.Release|x64.Build.0 = Release|x64
		{9FA1EC81-8952-41BF-A6C3-756552F22131}.Release|x64.Deploy.0 = Release|x64
		{9FA1EC81-8952-41BF-A6C3-756552F22131}.Release|x86.ActiveCfg = Release|x86
		{9FA1EC81-8952-41BF-A6C3-756552F22131}.Release|x86.Build.0 = Release|x86
		{9FA1EC81-8952-41BF-A6C3-756552F22131}.Release|x86.Deploy.0 = Release|x86
	EndGlobalSection
	GlobalSection(SolutionProperties) = preSolution
		HideSolutionNode = FALSE
	EndGlobalSection
	GlobalSection(ExtensibilityGlobals) = postSolution
		SolutionGuid = {06CFC926-55A9-4831-9FDF-7E039C0C5245}
	EndGlobalSection
EndGlobal
